
Microsoft Visual Studio Solution File, Format Version 12.00
Project("{FAE04EC0-301F-11D3-BF4B-00C04F79EFBC}") = "MapArtist", "MapArtist.csproj", "{1F7631BD-52C7-49C7-83C3-D8003A74251D}"
EndProject
Global
	GlobalSection(SolutionConfigurationPlatforms) = preSolution
		Debug|Any CPU = Debug|Any CPU
		ExportDebug|Any CPU = ExportDebug|Any CPU
		ExportRelease|Any CPU = ExportRelease|Any CPU
	EndGlobalSection
	GlobalSection(ProjectConfigurationPlatforms) = postSolution
		{1F7631BD-52C7-49C7-83C3-D8003A74251D}.Debug|Any CPU.ActiveCfg = Debug|Any CPU
		{1F7631BD-52C7-49C7-83C3-D8003A74251D}.Debug|Any CPU.Build.0 = Debug|Any CPU
		{1F7631BD-52C7-49C7-83C3-D8003A74251D}.ExportDebug|Any CPU.ActiveCfg = ExportDebug|Any CPU
		{1F7631BD-52C7-49C7-83C3-D8003A74251D}.ExportDebug|Any CPU.Build.0 = ExportDebug|Any CPU
		{1F7631BD-52C7-49C7-83C3-D8003A74251D}.ExportRelease|Any CPU.ActiveCfg = ExportRelease|Any CPU
		{1F7631BD-52C7-49C7-83C3-D8003A74251D}.ExportRelease|Any CPU.Build.0 = ExportRelease|Any CPU
	EndGlobalSection
EndGlobal
